
Microsoft Visual Studio Solution File, Format Version 12.00
# Visual Studio Version 17
VisualStudioVersion = 17.6.33829.357
MinimumVisualStudioVersion = 10.0.40219.1
Project("{FAE04EC0-301F-11D3-BF4B-00C04F79EFBC}") = "Authentication", "Authentication\Authentication.csproj", "{43367D60-F39F-4676-95D0-1705BAC0CA48}"
EndProject
Global
	GlobalSection(SolutionConfigurationPlatforms) = preSolution
		Debug|Any CPU = Debug|Any CPU
		Release|Any CPU = Release|Any CPU
	EndGlobalSection
	GlobalSection(ProjectConfigurationPlatforms) = postSolution
		{43367D60-F39F-4676-95D0-1705BAC0CA48}.Debug|Any CPU.ActiveCfg = Debug|Any CPU
		{43367D60-F39F-4676-95D0-1705BAC0CA48}.Debug|Any CPU.Build.0 = Debug|Any CPU
		{43367D60-F39F-4676-95D0-1705BAC0CA48}.Release|Any CPU.ActiveCfg = Release|Any CPU
		{43367D60-F39F-4676-95D0-1705BAC0CA48}.Release|Any CPU.Build.0 = Release|Any CPU
	EndGlobalSection
	GlobalSection(SolutionProperties) = preSolution
		HideSolutionNode = FALSE
	EndGlobalSection
	GlobalSection(ExtensibilityGlobals) = postSolution
		SolutionGuid = {AB87B01E-9B17-423C-95E7-4BF26DE8ED0F}
	EndGlobalSection
EndGlobal
